{
  "originHash" : "0ad9c529569a76fad41d2813e7ec4d226eac219df5aaee72ab45f4213ae3c2b3",
  "pins" : [
    {
      "identity" : "appauth-ios",
      "kind" : "remoteSourceControl",
      "location" : "https://github.com/openid/AppAuth-iOS.git",
      "state" : {
        "revision" : "2781038865a80e2c425a1da12cc1327bcd56501f",
        "version" : "1.7.6"
      }
    }
  ],
  "version" : 3
}
